github.com/boltdb/bolt v1.3.1 h1:JQmyP4ZBrce+ZQu0dY660FMfatumYDLun9hBCUVIkF4=
github.com/boltdb/bolt v1.3.1/go.mod h1:clJnj/oiGkjum5o1McbSZDSLxVThjynRyGBgiAx27Ps=
github.com/zeebo/assert v0.0.0-20181109011804-10f827ce2ed6/go.mod h1:yssERNPivllc1yU3BvpjYI5BUW+zglcz6QWqeVRL5t0=
github.com/zeebo/assert v1.1.0 h1:hU1L1vLTHsnO8x8c9KAR5GmM5QscxHg5RNU5z5qbUWY=
github.com/zeebo/assert v1.1.0/go.mod h1:Pq9JiuJQpG8JLJdtkwrJESF0Foym2/D9XMU5ciN/wJ0=
github.com/zeebo/errs v1.2.2 h1:5NFypMTuSdoySVTqlNs1dEoU21QVamMQJxW/Fii5O7g=
github.com/zeebo/errs v1.2.2/go.mod h1:sgbWHsvVuTPHcqJJGQ1WhI5KbWlHYz+2+2C/LSEtCw4=
github.com/zeebo/pcg v0.0.0-20181207190024-3cdc6b625a05 h1:4pW5fMvVkrgkMXdvIsVRRTs69DWYA8uNNQsu1stfVKU=
github.com/zeebo/pcg v0.0.0-20181207190024-3cdc6b625a05/go.mod h1:Gr+78ptB0MwXxm//LBaEvBiaXY7hXJ6KGe2V32X2F6E=
github.com/zeebo/swaparoo v0.0.0-20190813014544-3741c6b9f098 h1:g0DT2LjQiDRstaCU5ho79VNqlRG/UNS4ShUqbzGreqE=
github.com/zeebo/swaparoo v0.0.0-20190813014544-3741c6b9f098/go.mod h1:TveyivVf9xhh7fp46c7LKlqot+aP8VUFoJePlzdpEsM=
github.com/zeebo/this v0.0.0-20190611223713-2d3f8e177b7e h1:Rg+29CCUaNYYKyzmk7bBNFL7z4ALN2M1VXKxPsCS7aE=
github.com/zeebo/this v0.0.0-20190611223713-2d3f8e177b7e/go.mod h1:NamLT9fyihYiE0UyxEpmBm0IYbT+QWThFzOPalRS21o=
github.com/zeebo/xxh3 v0.0.0-20191021174148-b56a7dc3d80c h1:3PaZXPP1fMCBSQzwmcfLs0pX9wOeZpKduDDcvp6lKCc=
github.com/zeebo/xxh3 v0.0.0-20191021174148-b56a7dc3d80c/go.mod h1:e/zZObEJWtkq6f+bAzme0xQJSGI75oxoeqS+f2I7YVI=
golang.org/x/sys v0.0.0-20190826190057-c7b8b68b1456 h1:ng0gs1AKnRRuEMZoTLLlbOd+C17zUDepwGQBb/n+JVg=
golang.org/x/sys v0.0.0-20190826190057-c7b8b68b1456/go.mod h1:h1NjWce9XRLGQEsW7wpKNCjG9DtNlClVuFLEZdDNbEs=
golang.org/x/sys v0.0.0-20191105231009-c1f44814a5cd h1:3x5uuvBgE6oaXJjCOvpCC1IpgJogqQ+PqGGU3ZxAgII=
golang.org/x/sys v0.0.0-20191105231009-c1f44814a5cd/go.mod h1:h1NjWce9XRLGQEsW7wpKNCjG9DtNlClVuFLEZdDNbEs=
