github.com/OneOfOne/xxhash v1.2.2 h1:KMrpdQIwFcEqXDklaen+P1axHaj9BSKzvpUUfnHldSE=
github.com/OneOfOne/xxhash v1.2.2/go.mod h1:HSdplMjZKSmBqAxg5vPj2TmRDmfkzw+cTzAElWljhcU=
github.com/boltdb/bolt v1.3.1 h1:JQmyP4ZBrce+ZQu0dY660FMfatumYDLun9hBCUVIkF4=
github.com/boltdb/bolt v1.3.1/go.mod h1:clJnj/oiGkjum5o1McbSZDSLxVThjynRyGBgiAx27Ps=
github.com/cespare/xxhash v1.1.0 h1:a6HrQnmkObjyL+Gs60czilIUGqrzKutQD6XZog3p+ko=
github.com/cespare/xxhash v1.1.0/go.mod h1:XrSqR1VqqWfGrhpAt58auRo0WTKS1nRRg3ghfAqPWnc=
github.com/spaolacci/murmur3 v0.0.0-20180118202830-f09979ecbc72 h1:qLC7fQah7D6K1B0ujays3HV9gkFtllcxhzImRR7ArPQ=
github.com/spaolacci/murmur3 v0.0.0-20180118202830-f09979ecbc72/go.mod h1:JwIasOWyU6f++ZhiEuf87xNszmSA2myDM2Kzu9HwQUA=
github.com/zeebo/assert v0.0.0-20181109011804-10f827ce2ed6/go.mod h1:yssERNPivllc1yU3BvpjYI5BUW+zglcz6QWqeVRL5t0=
github.com/zeebo/assert v1.1.0 h1:hU1L1vLTHsnO8x8c9KAR5GmM5QscxHg5RNU5z5qbUWY=
github.com/zeebo/assert v1.1.0/go.mod h1:Pq9JiuJQpG8JLJdtkwrJESF0Foym2/D9XMU5ciN/wJ0=
github.com/zeebo/errs v1.0.1/go.mod h1:Yj8dHrUQwls1bF3dr/vcSIu+qf4mI7idnTcHfoACc6I=
github.com/zeebo/errs v1.2.2 h1:5NFypMTuSdoySVTqlNs1dEoU21QVamMQJxW/Fii5O7g=
github.com/zeebo/errs v1.2.2/go.mod h1:sgbWHsvVuTPHcqJJGQ1WhI5KbWlHYz+2+2C/LSEtCw4=
github.com/zeebo/mon v0.0.0-20181109012046-6fe8ca9ab1ba/go.mod h1:CfPE90GAZEDNS3DSJW0lMju6JToigyqB8TJB3v9pE9U=
github.com/zeebo/pcg v0.0.0-20181207190024-3cdc6b625a05 h1:4pW5fMvVkrgkMXdvIsVRRTs69DWYA8uNNQsu1stfVKU=
github.com/zeebo/pcg v0.0.0-20181207190024-3cdc6b625a05/go.mod h1:Gr+78ptB0MwXxm//LBaEvBiaXY7hXJ6KGe2V32X2F6E=
github.com/zeebo/sudo v1.0.0 h1:JijoZDgZ0vJE/BmBLrrTtAirTx3yG8yqAByBmODt+eU=
github.com/zeebo/sudo v1.0.0/go.mod h1:3nTrz2obbT7V8LwV1T/SPRNTWAEg09JEuDIbJgpCX2I=
github.com/zeebo/swaparoo v0.0.0-20190813014544-3741c6b9f098 h1:g0DT2LjQiDRstaCU5ho79VNqlRG/UNS4ShUqbzGreqE=
github.com/zeebo/swaparoo v0.0.0-20190813014544-3741c6b9f098/go.mod h1:TveyivVf9xhh7fp46c7LKlqot+aP8VUFoJePlzdpEsM=
github.com/zeebo/this v0.0.0-20190611223713-2d3f8e177b7e h1:Rg+29CCUaNYYKyzmk7bBNFL7z4ALN2M1VXKxPsCS7aE=
github.com/zeebo/this v0.0.0-20190611223713-2d3f8e177b7e/go.mod h1:NamLT9fyihYiE0UyxEpmBm0IYbT+QWThFzOPalRS21o=
github.com/zeebo/wosl v0.0.0-20181109012321-9da9ebf98715 h1:dHsrXcW3BDRhbnwDfoXIpyEzCR+HuprRgMFhPoTKBZk=
github.com/zeebo/wosl v0.0.0-20181109012321-9da9ebf98715/go.mod h1:VHQbkVIPb6FmsYnC20QlzaMyE/lVFaOO5KifJeF9yDI=
github.com/zeebo/xxh3 v0.0.0-20191021174148-b56a7dc3d80c h1:3PaZXPP1fMCBSQzwmcfLs0pX9wOeZpKduDDcvp6lKCc=
github.com/zeebo/xxh3 v0.0.0-20191021174148-b56a7dc3d80c/go.mod h1:e/zZObEJWtkq6f+bAzme0xQJSGI75oxoeqS+f2I7YVI=
golang.org/x/sys v0.0.0-20190826190057-c7b8b68b1456 h1:ng0gs1AKnRRuEMZoTLLlbOd+C17zUDepwGQBb/n+JVg=
golang.org/x/sys v0.0.0-20190826190057-c7b8b68b1456/go.mod h1:h1NjWce9XRLGQEsW7wpKNCjG9DtNlClVuFLEZdDNbEs=
golang.org/x/sys v0.0.0-20191105231009-c1f44814a5cd h1:3x5uuvBgE6oaXJjCOvpCC1IpgJogqQ+PqGGU3ZxAgII=
golang.org/x/sys v0.0.0-20191105231009-c1f44814a5cd/go.mod h1:h1NjWce9XRLGQEsW7wpKNCjG9DtNlClVuFLEZdDNbEs=
