github.com/blend/go-sdk v2.0.0+incompatible h1:FL9X/of4ZYO5D2JJNI4vHrbXPfuSDbUa7h8JP9+E92w=
github.com/blend/go-sdk v2.0.0+incompatible/go.mod h1:3GUb0YsHFNTJ6hsJTpzdmCUl05o8HisKjx5OAlzYKdw=
github.com/golang/freetype v0.0.0-20170609003504-e2365dfdc4a0 h1:DACJavvAHhabrF08vX0COfcOBJRhZ8lUbR+ZWIs0Y5g=
github.com/golang/freetype v0.0.0-20170609003504-e2365dfdc4a0/go.mod h1:E/TSTwGwJL78qG/PmXZO1EjYhfJinVAhrmmHX6Z8B9k=
github.com/wcharczuk/go-chart v2.0.1+incompatible h1:0pz39ZAycJFF7ju/1mepnk26RLVLBCWz1STcD3doU0A=
github.com/wcharczuk/go-chart v2.0.1+incompatible/go.mod h1:PF5tmL4EIx/7Wf+hEkpCqYi5He4u90sw+0+6FhrryuE=
github.com/zeebo/assert v0.0.0-20181109011804-10f827ce2ed6/go.mod h1:yssERNPivllc1yU3BvpjYI5BUW+zglcz6QWqeVRL5t0=
github.com/zeebo/assert v1.0.0 h1:qw3LXzO7lbptWIQ6DsemJIUOoaqyKbgY3M8b8yvlaaY=
github.com/zeebo/assert v1.0.0/go.mod h1:yssERNPivllc1yU3BvpjYI5BUW+zglcz6QWqeVRL5t0=
github.com/zeebo/pcg v0.0.0-20181207190024-3cdc6b625a05 h1:4pW5fMvVkrgkMXdvIsVRRTs69DWYA8uNNQsu1stfVKU=
github.com/zeebo/pcg v0.0.0-20181207190024-3cdc6b625a05/go.mod h1:Gr+78ptB0MwXxm//LBaEvBiaXY7hXJ6KGe2V32X2F6E=
github.com/zeebo/this v0.0.0-20190611223713-2d3f8e177b7e h1:Rg+29CCUaNYYKyzmk7bBNFL7z4ALN2M1VXKxPsCS7aE=
github.com/zeebo/this v0.0.0-20190611223713-2d3f8e177b7e/go.mod h1:NamLT9fyihYiE0UyxEpmBm0IYbT+QWThFzOPalRS21o=
github.com/zeebo/xxh3 v0.0.0-20190829023610-cef1e81095a7 h1:FoNwajVzJ5eHbIaUfRwRPHexibW/aW6tRhGrdQlXJ7E=
github.com/zeebo/xxh3 v0.0.0-20190829023610-cef1e81095a7/go.mod h1:7JDKaSRPdCnT1jaNLsD2wQbyAzW3hhcBgkDihUjvILo=
golang.org/x/image v0.0.0-20190828090100-23ea20f87cfc h1:KDZtcnWVXXn4htf5vPv8h8r4Cd81EpFoDrCGnVXTZbE=
golang.org/x/image v0.0.0-20190828090100-23ea20f87cfc/go.mod h1:FeLwcggjj3mMvU+oOTbSwawSJRM1uh48EjtB4UJZlP0=
golang.org/x/sys v0.0.0-20190826190057-c7b8b68b1456 h1:ng0gs1AKnRRuEMZoTLLlbOd+C17zUDepwGQBb/n+JVg=
golang.org/x/sys v0.0.0-20190826190057-c7b8b68b1456/go.mod h1:h1NjWce9XRLGQEsW7wpKNCjG9DtNlClVuFLEZdDNbEs=
golang.org/x/text v0.3.0/go.mod h1:NqM8EUOU14njkJ3fqMW+pc6Ldnwhi/IjpwHt7yyuwOQ=
